// !$*UTF8*$!
{
	archiveVersion = 1;
	classes = {
	};
	objectVersion = 46;
	objects = {

/* Begin PBXBuildFile section */
		2257B3401CE906870035F0C7 /* ElementViewController.m in Sources */ = {isa = PBXBuildFile; fileRef = 2257B33F1CE906870035F0C7 /* ElementViewController.m */; };
		2257B3441CE906EC0035F0C7 /* MapViewController.m in Sources */ = {isa = PBXBuildFile; fileRef = 2257B3431CE906EC0035F0C7 /* MapViewController.m */; };
		22967A641CE669E000C2E3AE /* main.m in Sources */ = {isa = PBXBuildFile; fileRef = 22967A631CE669E000C2E3AE /* main.m */; };
		22967A671CE669E000C2E3AE /* AppDelegate.m in Sources */ = {isa = PBXBuildFile; fileRef = 22967A661CE669E000C2E3AE /* AppDelegate.m */; };
		22967A6A1CE669E000C2E3AE /* ElementsTableViewController.m in Sources */ = {isa = PBXBuildFile; fileRef = 22967A691CE669E000C2E3AE /* ElementsTableViewController.m */; };
		22967A6D1CE669E000C2E3AE /* Main.storyboard in Resources */ = {isa = PBXBuildFile; fileRef = 22967A6B1CE669E000C2E3AE /* Main.storyboard */; };
		22967A6F1CE669E000C2E3AE /* Assets.xcassets in Resources */ = {isa = PBXBuildFile; fileRef = 22967A6E1CE669E000C2E3AE /* Assets.xcassets */; };
		22967A721CE669E000C2E3AE /* LaunchScreen.storyboard in Resources */ = {isa = PBXBuildFile; fileRef = 22967A701CE669E000C2E3AE /* LaunchScreen.storyboard */; };
		22967A7C1CE66A1800C2E3AE /* GeolocatedElement.m in Sources */ = {isa = PBXBuildFile; fileRef = 22967A7B1CE66A1800C2E3AE /* GeolocatedElement.m */; };
		22967A7F1CE8449000C2E3AE /* MapKit.framework in Frameworks */ = {isa = PBXBuildFile; fileRef = 22967A7E1CE8449000C2E3AE /* MapKit.framework */; };
		22967A811CE844B800C2E3AE /* CoreLocation.framework in Frameworks */ = {isa = PBXBuildFile; fileRef = 22967A801CE844B800C2E3AE /* CoreLocation.framework */; };
/* End PBXBuildFile section */

/* Begin PBXFileReference section */
		2257B33E1CE906870035F0C7 /* ElementViewController.h */ = {isa = PBXFileReference; fileEncoding = 4; lastKnownFileType = sourcecode.c.h; path = ElementViewController.h; sourceTree = "<group>"; };
		2257B33F1CE906870035F0C7 /* ElementViewController.m */ = {isa = PBXFileReference; fileEncoding = 4; lastKnownFileType = sourcecode.c.objc; path = ElementViewController.m; sourceTree = "<group>"; };
		2257B3421CE906EC0035F0C7 /* MapViewController.h */ = {isa = PBXFileReference; fileEncoding = 4; lastKnownFileType = sourcecode.c.h; path = MapViewController.h; sourceTree = "<group>"; };
		2257B3431CE906EC0035F0C7 /* MapViewController.m */ = {isa = PBXFileReference; fileEncoding = 4; lastKnownFileType = sourcecode.c.objc; path = MapViewController.m; sourceTree = "<group>"; };
		22967A5F1CE669E000C2E3AE /* ForceManager_Test.app */ = {isa = PBXFileReference; explicitFileType = wrapper.application; includeInIndex = 0; path = ForceManager_Test.app; sourceTree = BUILT_PRODUCTS_DIR; };
		22967A631CE669E000C2E3AE /* main.m */ = {isa = PBXFileReference; lastKnownFileType = sourcecode.c.objc; path = main.m; sourceTree = "<group>"; };
		22967A651CE669E000C2E3AE /* AppDelegate.h */ = {isa = PBXFileReference; lastKnownFileType = sourcecode.c.h; path = AppDelegate.h; sourceTree = "<group>"; };
		22967A661CE669E000C2E3AE /* AppDelegate.m */ = {isa = PBXFileReference; lastKnownFileType = sourcecode.c.objc; path = AppDelegate.m; sourceTree = "<group>"; };
		22967A681CE669E000C2E3AE /* ElementsTableViewController.h */ = {isa = PBXFileReference; lastKnownFileType = sourcecode.c.h; path = ElementsTableViewController.h; sourceTree = "<group>"; };
		22967A691CE669E000C2E3AE /* ElementsTableViewController.m */ = {isa = PBXFileReference; lastKnownFileType = sourcecode.c.objc; path = ElementsTableViewController.m; sourceTree = "<group>"; };
		22967A6C1CE669E000C2E3AE /* Base */ = {isa = PBXFileReference; lastKnownFileType = file.storyboard; name = Base; path = Base.lproj/Main.storyboard; sourceTree = "<group>"; };
		22967A6E1CE669E000C2E3AE /* Assets.xcassets */ = {isa = PBXFileReference; lastKnownFileType = folder.assetcatalog; path = Assets.xcassets; sourceTree = "<group>"; };
		22967A711CE669E000C2E3AE /* Base */ = {isa = PBXFileReference; lastKnownFileType = file.storyboard; name = Base; path = Base.lproj/LaunchScreen.storyboard; sourceTree = "<group>"; };
		22967A731CE669E000C2E3AE /* Info.plist */ = {isa = PBXFileReference; lastKnownFileType = text.plist.xml; path = Info.plist; sourceTree = "<group>"; };
		22967A7A1CE66A1800C2E3AE /* GeolocatedElement.h */ = {isa = PBXFileReference; fileEncoding = 4; lastKnownFileType = sourcecode.c.h; path = GeolocatedElement.h; sourceTree = "<group>"; };
		22967A7B1CE66A1800C2E3AE /* GeolocatedElement.m */ = {isa = PBXFileReference; fileEncoding = 4; lastKnownFileType = sourcecode.c.objc; path = GeolocatedElement.m; sourceTree = "<group>"; };
		22967A7E1CE8449000C2E3AE /* MapKit.framework */ = {isa = PBXFileReference; lastKnownFileType = wrapper.framework; name = MapKit.framework; path = System/Library/Frameworks/MapKit.framework; sourceTree = SDKROOT; };
		22967A801CE844B800C2E3AE /* CoreLocation.framework */ = {isa = PBXFileReference; lastKnownFileType = wrapper.framework; name = CoreLocation.framework; path = System/Library/Frameworks/CoreLocation.framework; sourceTree = SDKROOT; };
/* End PBXFileReference section */

/* Begin PBXFrameworksBuildPhase section */
		22967A5C1CE669E000C2E3AE /* Frameworks */ = {
			isa = PBXFrameworksBuildPhase;
			buildActionMask = 2147483647;
			files = (
				22967A811CE844B800C2E3AE /* CoreLocation.framework in Frameworks */,
				22967A7F1CE8449000C2E3AE /* MapKit.framework in Frameworks */,
			);
			runOnlyForDeploymentPostprocessing = 0;
		};
/* End PBXFrameworksBuildPhase section */

/* Begin PBXGroup section */
		2257B3411CE906960035F0C7 /* Assets */ = {
			isa = PBXGroup;
			children = (
				22967A6B1CE669E000C2E3AE /* Main.storyboard */,
				22967A6E1CE669E000C2E3AE /* Assets.xcassets */,
				22967A701CE669E000C2E3AE /* LaunchScreen.storyboard */,
			);
			name = Assets;
			sourceTree = "<group>";
		};
		22967A561CE669E000C2E3AE = {
			isa = PBXGroup;
			children = (
				22967A611CE669E000C2E3AE /* ForceManager_Test */,
				22967A601CE669E000C2E3AE /* Products */,
			);
			sourceTree = "<group>";
		};
		22967A601CE669E000C2E3AE /* Products */ = {
			isa = PBXGroup;
			children = (
				22967A5F1CE669E000C2E3AE /* ForceManager_Test.app */,
			);
			name = Products;
			sourceTree = "<group>";
		};
		22967A611CE669E000C2E3AE /* ForceManager_Test */ = {
			isa = PBXGroup;
			children = (
				2257B3411CE906960035F0C7 /* Assets */,
				22967A7D1CE66E5E00C2E3AE /* Controllers */,
				22967A791CE669EE00C2E3AE /* Models */,
				22967A651CE669E000C2E3AE /* AppDelegate.h */,
				22967A661CE669E000C2E3AE /* AppDelegate.m */,
				22967A731CE669E000C2E3AE /* Info.plist */,
				22967A621CE669E000C2E3AE /* Supporting Files */,
			);
			path = ForceManager_Test;
			sourceTree = "<group>";
		};
		22967A621CE669E000C2E3AE /* Supporting Files */ = {
			isa = PBXGroup;
			children = (
				22967A801CE844B800C2E3AE /* CoreLocation.framework */,
				22967A7E1CE8449000C2E3AE /* MapKit.framework */,
				22967A631CE669E000C2E3AE /* main.m */,
			);
			name = "Supporting Files";
			sourceTree = "<group>";
		};
		22967A791CE669EE00C2E3AE /* Models */ = {
			isa = PBXGroup;
			children = (
				22967A7A1CE66A1800C2E3AE /* GeolocatedElement.h */,
				22967A7B1CE66A1800C2E3AE /* GeolocatedElement.m */,
			);
			name = Models;
			sourceTree = "<group>";
		};
		22967A7D1CE66E5E00C2E3AE /* Controllers */ = {
			isa = PBXGroup;
			children = (
				22967A681CE669E000C2E3AE /* ElementsTableViewController.h */,
				22967A691CE669E000C2E3AE /* ElementsTableViewController.m */,
				2257B33E1CE906870035F0C7 /* ElementViewController.h */,
				2257B33F1CE906870035F0C7 /* ElementViewController.m */,
				2257B3421CE906EC0035F0C7 /* MapViewController.h */,
				2257B3431CE906EC0035F0C7 /* MapViewController.m */,
			);
			name = Controllers;
			sourceTree = "<group>";
		};
/* End PBXGroup section */

/* Begin PBXNativeTarget section */
		22967A5E1CE669E000C2E3AE /* ForceManager_Test */ = {
			isa = PBXNativeTarget;
			buildConfigurationList = 22967A761CE669E000C2E3AE /* Build configuration list for PBXNativeTarget "ForceManager_Test" */;
			buildPhases = (
				22967A5B1CE669E000C2E3AE /* Sources */,
				22967A5C1CE669E000C2E3AE /* Frameworks */,
				22967A5D1CE669E000C2E3AE /* Resources */,
			);
			buildRules = (
			);
			dependencies = (
			);
			name = ForceManager_Test;
			productName = ForceManager_Test;
			productReference = 22967A5F1CE669E000C2E3AE /* ForceManager_Test.app */;
			productType = "com.apple.product-type.application";
		};
/* End PBXNativeTarget section */

/* Begin PBXProject section */
		22967A571CE669E000C2E3AE /* Project object */ = {
			isa = PBXProject;
			attributes = {
				LastUpgradeCheck = 0730;
				ORGANIZATIONNAME = "Vladimir Marinov";
				TargetAttributes = {
					22967A5E1CE669E000C2E3AE = {
						CreatedOnToolsVersion = 7.3;
						SystemCapabilities = {
							com.apple.Maps.iOS = {
								enabled = 1;
							};
						};
					};
				};
			};
			buildConfigurationList = 22967A5A1CE669E000C2E3AE /* Build configuration list for PBXProject "ForceManager_Test" */;
			compatibilityVersion = "Xcode 3.2";
			developmentRegion = English;
			hasScannedForEncodings = 0;
			knownRegions = (
				en,
				Base,
			);
			mainGroup = 22967A561CE669E000C2E3AE;
			productRefGroup = 22967A601CE669E000C2E3AE /* Products */;
			projectDirPath = "";
			projectRoot = "";
			targets = (
				22967A5E1CE669E000C2E3AE /* ForceManager_Test */,
			);
		};
/* End PBXProject section */

/* Begin PBXResourcesBuildPhase section */
		22967A5D1CE669E000C2E3AE /* Resources */ = {
			isa = PBXResourcesBuildPhase;
			buildActionMask = 2147483647;
			files = (
				22967A721CE669E000C2E3AE /* LaunchScreen.storyboard in Resources */,
				22967A6F1CE669E000C2E3AE /* Assets.xcassets in Resources */,
				22967A6D1CE669E000C2E3AE /* Main.storyboard in Resources */,
			);
			runOnlyForDeploymentPostprocessing = 0;
		};
/* End PBXResourcesBuildPhase section */

/* Begin PBXSourcesBuildPhase section */
		22967A5B1CE669E000C2E3AE /* Sources */ = {
			isa = PBXSourcesBuildPhase;
			buildActionMask = 2147483647;
			files = (
				22967A6A1CE669E000C2E3AE /* ElementsTableViewController.m in Sources */,
				22967A671CE669E000C2E3AE /* AppDelegate.m in Sources */,
				22967A641CE669E000C2E3AE /* main.m in Sources */,
				2257B3441CE906EC0035F0C7 /* MapViewController.m in Sources */,
				2257B3401CE906870035F0C7 /* ElementViewController.m in Sources */,
				22967A7C1CE66A1800C2E3AE /* GeolocatedElement.m in Sources */,
			);
			runOnlyForDeploymentPostprocessing = 0;
		};
/* End PBXSourcesBuildPhase section */

/* Begin PBXVariantGroup section */
		22967A6B1CE669E000C2E3AE /* Main.storyboard */ = {
			isa = PBXVariantGroup;
			children = (
				22967A6C1CE669E000C2E3AE /* Base */,
			);
			name = Main.storyboard;
			sourceTree = "<group>";
		};
		22967A701CE669E000C2E3AE /* LaunchScreen.storyboard */ = {
			isa = PBXVariantGroup;
			children = (
				22967A711CE669E000C2E3AE /* Base */,
			);
			name = LaunchScreen.storyboard;
			sourceTree = "<group>";
		};
/* End PBXVariantGroup section */

/* Begin XCBuildConfiguration section */
		22967A741CE669E000C2E3AE /* Debug */ = {
			isa = XCBuildConfiguration;
			buildSettings = {
				ALWAYS_SEARCH_USER_PATHS = NO;
				CLANG_ANALYZER_NONNULL = YES;
				CLANG_CXX_LANGUAGE_STANDARD = "gnu++0x";
				CLANG_CXX_LIBRARY = "libc++";
				CLANG_ENABLE_MODULES = YES;
				CLANG_ENABLE_OBJC_ARC = YES;
				CLANG_WARN_BOOL_CONVERSION = YES;
				CLANG_WARN_CONSTANT_CONVERSION = YES;
				CLANG_WARN_DIRECT_OBJC_ISA_USAGE = YES_ERROR;
				CLANG_WARN_EMPTY_BODY = YES;
				CLANG_WARN_ENUM_CONVERSION = YES;
				CLANG_WARN_INT_CONVERSION = YES;
				CLANG_WARN_OBJC_ROOT_CLASS = YES_ERROR;
				CLANG_WARN_UNREACHABLE_CODE = YES;
				CLANG_WARN__DUPLICATE_METHOD_MATCH = YES;
				"CODE_SIGN_IDENTITY[sdk=iphoneos*]" = "iPhone Developer";
				COPY_PHASE_STRIP = NO;
				DEBUG_INFORMATION_FORMAT = dwarf;
				ENABLE_STRICT_OBJC_MSGSEND = YES;
				ENABLE_TESTABILITY = YES;
				GCC_C_LANGUAGE_STANDARD = gnu99;
				GCC_DYNAMIC_NO_PIC = NO;
				GCC_NO_COMMON_BLOCKS = YES;
				GCC_OPTIMIZATION_LEVEL = 0;
				GCC_PREPROCESSOR_DEFINITIONS = (
					"DEBUG=1",
					"$(inherited)",
				);
				GCC_WARN_64_TO_32_BIT_CONVERSION = YES;
				GCC_WARN_ABOUT_RETURN_TYPE = YES_ERROR;
				GCC_WARN_UNDECLARED_SELECTOR = YES;
				GCC_WARN_UNINITIALIZED_AUTOS = YES_AGGRESSIVE;
				GCC_WARN_UNUSED_FUNCTION = YES;
				GCC_WARN_UNUSED_VARIABLE = YES;
				IPHONEOS_DEPLOYMENT_TARGET = 9.3;
				MTL_ENABLE_DEBUG_INFO = YES;
				ONLY_ACTIVE_ARCH = YES;
				SDKROOT = iphoneos;
			};
			name = Debug;
		};
		22967A751CE669E000C2E3AE /* Release */ = {
			isa = XCBuildConfiguration;
			buildSettings = {
				ALWAYS_SEARCH_USER_PATHS = NO;
				CLANG_ANALYZER_NONNULL = YES;
				CLANG_CXX_LANGUAGE_STANDARD = "gnu++0x";
				CLANG_CXX_LIBRARY = "libc++";
				CLANG_ENABLE_MODULES = YES;
				CLANG_ENABLE_OBJC_ARC = YES;
				CLANG_WARN_BOOL_CONVERSION = YES;
				CLANG_WARN_CONSTANT_CONVERSION = YES;
				CLANG_WARN_DIRECT_OBJC_ISA_USAGE = YES_ERROR;
				CLANG_WARN_EMPTY_BODY = YES;
				CLANG_WARN_ENUM_CONVERSION = YES;
				CLANG_WARN_INT_CONVERSION = YES;
				CLANG_WARN_OBJC_ROOT_CLASS = YES_ERROR;
				CLANG_WARN_UNREACHABLE_CODE = YES;
				CLANG_WARN__DUPLICATE_METHOD_MATCH = YES;
				"CODE_SIGN_IDENTITY[sdk=iphoneos*]" = "iPhone Developer";
				COPY_PHASE_STRIP = NO;
				DEBUG_INFORMATION_FORMAT = "dwarf-with-dsym";
				ENABLE_NS_ASSERTIONS = NO;
				ENABLE_STRICT_OBJC_MSGSEND = YES;
				GCC_C_LANGUAGE_STANDARD = gnu99;
				GCC_NO_COMMON_BLOCKS = YES;
				GCC_WARN_64_TO_32_BIT_CONVERSION = YES;
				GCC_WARN_ABOUT_RETURN_TYPE = YES_ERROR;
				GCC_WARN_UNDECLARED_SELECTOR = YES;
				GCC_WARN_UNINITIALIZED_AUTOS = YES_AGGRESSIVE;
				GCC_WARN_UNUSED_FUNCTION = YES;
				GCC_WARN_UNUSED_VARIABLE = YES;
				IPHONEOS_DEPLOYMENT_TARGET = 9.3;
				MTL_ENABLE_DEBUG_INFO = NO;
				SDKROOT = iphoneos;
				VALIDATE_PRODUCT = YES;
			};
			name = Release;
		};
		22967A771CE669E000C2E3AE /* Debug */ = {
			isa = XCBuildConfiguration;
			buildSettings = {
				ASSETCATALOG_COMPILER_APPICON_NAME = AppIcon;
				INFOPLIST_FILE = ForceManager_Test/Info.plist;
				LD_RUNPATH_SEARCH_PATHS = "$(inherited) @executable_path/Frameworks";
				PRODUCT_BUNDLE_IDENTIFIER = "Vladimir-Marinov.ForceManager-Test";
				PRODUCT_NAME = "$(TARGET_NAME)";
				TARGETED_DEVICE_FAMILY = "1,2";
			};
			name = Debug;
		};
		22967A781CE669E000C2E3AE /* Release */ = {
			isa = XCBuildConfiguration;
			buildSettings = {
				ASSETCATALOG_COMPILER_APPICON_NAME = AppIcon;
				INFOPLIST_FILE = ForceManager_Test/Info.plist;
				LD_RUNPATH_SEARCH_PATHS = "$(inherited) @executable_path/Frameworks";
				PRODUCT_BUNDLE_IDENTIFIER = "Vladimir-Marinov.ForceManager-Test";
				PRODUCT_NAME = "$(TARGET_NAME)";
				TARGETED_DEVICE_FAMILY = "1,2";
			};
			name = Release;
		};
/* End XCBuildConfiguration section */

/* Begin XCConfigurationList section */
		22967A5A1CE669E000C2E3AE /* Build configuration list for PBXProject "ForceManager_Test" */ = {
			isa = XCConfigurationList;
			buildConfigurations = (
				22967A741CE669E000C2E3AE /* Debug */,
				22967A751CE669E000C2E3AE /* Release */,
			);
			defaultConfigurationIsVisible = 0;
			defaultConfigurationName = Release;
		};
		22967A761CE669E000C2E3AE /* Build configuration list for PBXNativeTarget "ForceManager_Test" */ = {
			isa = XCConfigurationList;
			buildConfigurations = (
				22967A771CE669E000C2E3AE /* Debug */,
				22967A781CE669E000C2E3AE /* Release */,
			);
			defaultConfigurationIsVisible = 0;
			defaultConfigurationName = Release;
		};
/* End XCConfigurationList section */
	};
	rootObject = 22967A571CE669E000C2E3AE /* Project object */;
}
